
Microsoft Visual Studio Solution File, Format Version 12.00
# Visual Studio 15
VisualStudioVersion = 15.0.26430.14
MinimumVisualStudioVersion = 10.0.40219.1
Project("{FAE04EC0-301F-11D3-BF4B-00C04F79EFBC}") = "PPAPIStreamLined", "PPAPIStreamLined\PPAPIStreamLined.csproj", "{B751DEE3-0AA3-40A3-85DF-979AFF63FF01}"
EndProject
Global
	GlobalSection(SolutionConfigurationPlatforms) = preSolution
		Debug|Any CPU = Debug|Any CPU
		Release|Any CPU = Release|Any CPU
	EndGlobalSection
	GlobalSection(ProjectConfigurationPlatforms) = postSolution
		{B751DEE3-0AA3-40A3-85DF-979AFF63FF01}.Debug|Any CPU.ActiveCfg = Debug|Any CPU
		{B751DEE3-0AA3-40A3-85DF-979AFF63FF01}.Debug|Any CPU.Build.0 = Debug|Any CPU
		{B751DEE3-0AA3-40A3-85DF-979AFF63FF01}.Release|Any CPU.ActiveCfg = Release|Any CPU
		{B751DEE3-0AA3-40A3-85DF-979AFF63FF01}.Release|Any CPU.Build.0 = Release|Any CPU
	EndGlobalSection
	GlobalSection(SolutionProperties) = preSolution
		HideSolutionNode = FALSE
	EndGlobalSection
EndGlobal
