
Microsoft Visual Studio Solution File, Format Version 12.00
# Visual Studio 15
VisualStudioVersion = 15.0.27004.2009
MinimumVisualStudioVersion = 10.0.40219.1
Project("{FAE04EC0-301F-11D3-BF4B-00C04F79EFBC}") = "PPWebLib", "PPWebLib.csproj", "{B84E14A8-8677-409E-B39D-4AC0130B87CD}"
EndProject
Global
	GlobalSection(SolutionConfigurationPlatforms) = preSolution
		Debug|Any CPU = Debug|Any CPU
		Release|Any CPU = Release|Any CPU
	EndGlobalSection
	GlobalSection(ProjectConfigurationPlatforms) = postSolution
		{B84E14A8-8677-409E-B39D-4AC0130B87CD}.Debug|Any CPU.ActiveCfg = Debug|Any CPU
		{B84E14A8-8677-409E-B39D-4AC0130B87CD}.Debug|Any CPU.Build.0 = Debug|Any CPU
		{B84E14A8-8677-409E-B39D-4AC0130B87CD}.Release|Any CPU.ActiveCfg = Release|Any CPU
		{B84E14A8-8677-409E-B39D-4AC0130B87CD}.Release|Any CPU.Build.0 = Release|Any CPU
	EndGlobalSection
	GlobalSection(SolutionProperties) = preSolution
		HideSolutionNode = FALSE
	EndGlobalSection
	GlobalSection(ExtensibilityGlobals) = postSolution
		SolutionGuid = {7B2C50A2-36F7-4F88-B7C3-1524D6C581F0}
	EndGlobalSection
EndGlobal
