
Microsoft Visual Studio Solution File, Format Version 12.00
# Visual Studio 15
VisualStudioVersion = 15.0.27703.2018
MinimumVisualStudioVersion = 10.0.40219.1
Project("{FAE04EC0-301F-11D3-BF4B-00C04F79EFBC}") = "FixServiceCodes", "FixServiceCodes\FixServiceCodes.csproj", "{6C68A22F-6E5F-4732-AE1C-D4894A0D469D}"
EndProject
Global
	GlobalSection(SolutionConfigurationPlatforms) = preSolution
		Debug|Any CPU = Debug|Any CPU
		Release|Any CPU = Release|Any CPU
	EndGlobalSection
	GlobalSection(ProjectConfigurationPlatforms) = postSolution
		{6C68A22F-6E5F-4732-AE1C-D4894A0D469D}.Debug|Any CPU.ActiveCfg = Debug|Any CPU
		{6C68A22F-6E5F-4732-AE1C-D4894A0D469D}.Debug|Any CPU.Build.0 = Debug|Any CPU
		{6C68A22F-6E5F-4732-AE1C-D4894A0D469D}.Release|Any CPU.ActiveCfg = Release|Any CPU
		{6C68A22F-6E5F-4732-AE1C-D4894A0D469D}.Release|Any CPU.Build.0 = Release|Any CPU
	EndGlobalSection
	GlobalSection(SolutionProperties) = preSolution
		HideSolutionNode = FALSE
	EndGlobalSection
	GlobalSection(ExtensibilityGlobals) = postSolution
		SolutionGuid = {8855BD7C-7347-4B9D-92AE-589E9299C938}
	EndGlobalSection
EndGlobal
