
Microsoft Visual Studio Solution File, Format Version 12.00
# Visual Studio 15
VisualStudioVersion = 15.0.27130.2027
MinimumVisualStudioVersion = 10.0.40219.1
Project("{FAE04EC0-301F-11D3-BF4B-00C04F79EFBC}") = "FourChanConsole", "FourChanConsole\FourChanConsole.csproj", "{999C0AB0-1C0B-4DD8-99D4-937030B8B489}"
EndProject
Global
	GlobalSection(SolutionConfigurationPlatforms) = preSolution
		Debug|Any CPU = Debug|Any CPU
		Release|Any CPU = Release|Any CPU
	EndGlobalSection
	GlobalSection(ProjectConfigurationPlatforms) = postSolution
		{999C0AB0-1C0B-4DD8-99D4-937030B8B489}.Debug|Any CPU.ActiveCfg = Debug|Any CPU
		{999C0AB0-1C0B-4DD8-99D4-937030B8B489}.Debug|Any CPU.Build.0 = Debug|Any CPU
		{999C0AB0-1C0B-4DD8-99D4-937030B8B489}.Release|Any CPU.ActiveCfg = Release|Any CPU
		{999C0AB0-1C0B-4DD8-99D4-937030B8B489}.Release|Any CPU.Build.0 = Release|Any CPU
	EndGlobalSection
	GlobalSection(SolutionProperties) = preSolution
		HideSolutionNode = FALSE
	EndGlobalSection
	GlobalSection(ExtensibilityGlobals) = postSolution
		SolutionGuid = {95B22A76-23B1-4729-8741-818BD07E41A4}
	EndGlobalSection
EndGlobal
