
Microsoft Visual Studio Solution File, Format Version 12.00
# Visual Studio 15
VisualStudioVersion = 15.0.27004.2009
MinimumVisualStudioVersion = 10.0.40219.1
Project("{FAE04EC0-301F-11D3-BF4B-00C04F79EFBC}") = "LowLevelTesting", "LowLevelTesting\LowLevelTesting.csproj", "{4CA6B84C-8AE1-41C3-9C0D-3AB67307699D}"
EndProject
Global
	GlobalSection(SolutionConfigurationPlatforms) = preSolution
		Debug|Any CPU = Debug|Any CPU
		Release|Any CPU = Release|Any CPU
	EndGlobalSection
	GlobalSection(ProjectConfigurationPlatforms) = postSolution
		{4CA6B84C-8AE1-41C3-9C0D-3AB67307699D}.Debug|Any CPU.ActiveCfg = Debug|Any CPU
		{4CA6B84C-8AE1-41C3-9C0D-3AB67307699D}.Debug|Any CPU.Build.0 = Debug|Any CPU
		{4CA6B84C-8AE1-41C3-9C0D-3AB67307699D}.Release|Any CPU.ActiveCfg = Release|Any CPU
		{4CA6B84C-8AE1-41C3-9C0D-3AB67307699D}.Release|Any CPU.Build.0 = Release|Any CPU
	EndGlobalSection
	GlobalSection(SolutionProperties) = preSolution
		HideSolutionNode = FALSE
	EndGlobalSection
	GlobalSection(ExtensibilityGlobals) = postSolution
		SolutionGuid = {939DB575-2AF8-420B-A9AC-1337F57D85B2}
	EndGlobalSection
EndGlobal
