
Microsoft Visual Studio Solution File, Format Version 12.00
# Visual Studio 15
VisualStudioVersion = 15.0.27428.1
MinimumVisualStudioVersion = 10.0.40219.1
Project("{FAE04EC0-301F-11D3-BF4B-00C04F79EFBC}") = "MiscPerformanceTesting", "MiscPerformanceTesting\MiscPerformanceTesting.csproj", "{4B2D6B08-F2B9-4769-8DC5-A13FBD170504}"
EndProject
Global
	GlobalSection(SolutionConfigurationPlatforms) = preSolution
		Debug|Any CPU = Debug|Any CPU
		Release|Any CPU = Release|Any CPU
	EndGlobalSection
	GlobalSection(ProjectConfigurationPlatforms) = postSolution
		{4B2D6B08-F2B9-4769-8DC5-A13FBD170504}.Debug|Any CPU.ActiveCfg = Debug|Any CPU
		{4B2D6B08-F2B9-4769-8DC5-A13FBD170504}.Debug|Any CPU.Build.0 = Debug|Any CPU
		{4B2D6B08-F2B9-4769-8DC5-A13FBD170504}.Release|Any CPU.ActiveCfg = Release|Any CPU
		{4B2D6B08-F2B9-4769-8DC5-A13FBD170504}.Release|Any CPU.Build.0 = Release|Any CPU
	EndGlobalSection
	GlobalSection(SolutionProperties) = preSolution
		HideSolutionNode = FALSE
	EndGlobalSection
	GlobalSection(ExtensibilityGlobals) = postSolution
		SolutionGuid = {B9369665-7CF6-4A18-92BE-05A89416B7CE}
	EndGlobalSection
EndGlobal
