
Microsoft Visual Studio Solution File, Format Version 12.00
# Visual Studio 15
VisualStudioVersion = 15.0.28010.2048
MinimumVisualStudioVersion = 10.0.40219.1
Project("{FAE04EC0-301F-11D3-BF4B-00C04F79EFBC}") = "NeuralNetworkBenchmarking", "NeuralNetworkBenchmarking\NeuralNetworkBenchmarking.csproj", "{843FE989-A161-4EEB-BAC5-D460964D1058}"
EndProject
Global
	GlobalSection(SolutionConfigurationPlatforms) = preSolution
		Debug|Any CPU = Debug|Any CPU
		Release|Any CPU = Release|Any CPU
	EndGlobalSection
	GlobalSection(ProjectConfigurationPlatforms) = postSolution
		{843FE989-A161-4EEB-BAC5-D460964D1058}.Debug|Any CPU.ActiveCfg = Debug|Any CPU
		{843FE989-A161-4EEB-BAC5-D460964D1058}.Debug|Any CPU.Build.0 = Debug|Any CPU
		{843FE989-A161-4EEB-BAC5-D460964D1058}.Release|Any CPU.ActiveCfg = Release|Any CPU
		{843FE989-A161-4EEB-BAC5-D460964D1058}.Release|Any CPU.Build.0 = Release|Any CPU
	EndGlobalSection
	GlobalSection(SolutionProperties) = preSolution
		HideSolutionNode = FALSE
	EndGlobalSection
	GlobalSection(ExtensibilityGlobals) = postSolution
		SolutionGuid = {1194B7BB-29D8-4A6C-B832-23566FEA66AD}
	EndGlobalSection
EndGlobal
