
Microsoft Visual Studio Solution File, Format Version 12.00
# Visual Studio 15
VisualStudioVersion = 15.0.27703.2018
MinimumVisualStudioVersion = 10.0.40219.1
Project("{FAE04EC0-301F-11D3-BF4B-00C04F79EFBC}") = "NNConsoleTester", "NNConsoleTester\NNConsoleTester.csproj", "{62759A58-8FE2-4755-954F-FBD29A70FBE1}"
EndProject
Global
	GlobalSection(Performance) = preSolution
		HasPerformanceSessions = true
	EndGlobalSection
	GlobalSection(SolutionConfigurationPlatforms) = preSolution
		Debug|Any CPU = Debug|Any CPU
		Release|Any CPU = Release|Any CPU
	EndGlobalSection
	GlobalSection(ProjectConfigurationPlatforms) = postSolution
		{62759A58-8FE2-4755-954F-FBD29A70FBE1}.Debug|Any CPU.ActiveCfg = Debug|Any CPU
		{62759A58-8FE2-4755-954F-FBD29A70FBE1}.Debug|Any CPU.Build.0 = Debug|Any CPU
		{62759A58-8FE2-4755-954F-FBD29A70FBE1}.Release|Any CPU.ActiveCfg = Release|Any CPU
		{62759A58-8FE2-4755-954F-FBD29A70FBE1}.Release|Any CPU.Build.0 = Release|Any CPU
	EndGlobalSection
	GlobalSection(SolutionProperties) = preSolution
		HideSolutionNode = FALSE
	EndGlobalSection
	GlobalSection(ExtensibilityGlobals) = postSolution
		SolutionGuid = {F06305A1-3035-4BE8-81B6-55A19D0F8873}
	EndGlobalSection
EndGlobal
