
Microsoft Visual Studio Solution File, Format Version 12.00
# Visual Studio 15
VisualStudioVersion = 15.0.27004.2009
MinimumVisualStudioVersion = 10.0.40219.1
Project("{FAE04EC0-301F-11D3-BF4B-00C04F79EFBC}") = "PaypalReportAnalysis", "PaypalReportAnalysis\PaypalReportAnalysis.csproj", "{FB642C14-7F26-4EB8-AF1A-280BB3134159}"
EndProject
Global
	GlobalSection(SolutionConfigurationPlatforms) = preSolution
		Debug|Any CPU = Debug|Any CPU
		Release|Any CPU = Release|Any CPU
	EndGlobalSection
	GlobalSection(ProjectConfigurationPlatforms) = postSolution
		{FB642C14-7F26-4EB8-AF1A-280BB3134159}.Debug|Any CPU.ActiveCfg = Debug|Any CPU
		{FB642C14-7F26-4EB8-AF1A-280BB3134159}.Debug|Any CPU.Build.0 = Debug|Any CPU
		{FB642C14-7F26-4EB8-AF1A-280BB3134159}.Release|Any CPU.ActiveCfg = Release|Any CPU
		{FB642C14-7F26-4EB8-AF1A-280BB3134159}.Release|Any CPU.Build.0 = Release|Any CPU
	EndGlobalSection
	GlobalSection(SolutionProperties) = preSolution
		HideSolutionNode = FALSE
	EndGlobalSection
	GlobalSection(ExtensibilityGlobals) = postSolution
		SolutionGuid = {A58FAB13-E7BB-44E2-9A38-BD143A480B11}
	EndGlobalSection
EndGlobal
