
Microsoft Visual Studio Solution File, Format Version 12.00
# Visual Studio 15
VisualStudioVersion = 15.0.27004.2009
MinimumVisualStudioVersion = 10.0.40219.1
Project("{FAE04EC0-301F-11D3-BF4B-00C04F79EFBC}") = "PostmanLib", "PostmanLib\PostmanLib.csproj", "{A3E41014-A5C9-436D-A438-9E5FEFBE55D4}"
EndProject
Global
	GlobalSection(SolutionConfigurationPlatforms) = preSolution
		Debug|Any CPU = Debug|Any CPU
		Release|Any CPU = Release|Any CPU
	EndGlobalSection
	GlobalSection(ProjectConfigurationPlatforms) = postSolution
		{A3E41014-A5C9-436D-A438-9E5FEFBE55D4}.Debug|Any CPU.ActiveCfg = Debug|Any CPU
		{A3E41014-A5C9-436D-A438-9E5FEFBE55D4}.Debug|Any CPU.Build.0 = Debug|Any CPU
		{A3E41014-A5C9-436D-A438-9E5FEFBE55D4}.Release|Any CPU.ActiveCfg = Release|Any CPU
		{A3E41014-A5C9-436D-A438-9E5FEFBE55D4}.Release|Any CPU.Build.0 = Release|Any CPU
	EndGlobalSection
	GlobalSection(SolutionProperties) = preSolution
		HideSolutionNode = FALSE
	EndGlobalSection
	GlobalSection(ExtensibilityGlobals) = postSolution
		SolutionGuid = {20D3CEFE-4768-43FC-8DC4-9C99C7637991}
	EndGlobalSection
EndGlobal
