
Microsoft Visual Studio Solution File, Format Version 12.00
# Visual Studio 15
VisualStudioVersion = 15.0.27130.2027
MinimumVisualStudioVersion = 10.0.40219.1
Project("{FAE04EC0-301F-11D3-BF4B-00C04F79EFBC}") = "RedditSharpPlus", "RedditSharpPlus\RedditSharpPlus.csproj", "{B3C87D14-62A4-4CF0-BA86-C3CC50BB0847}"
EndProject
Global
	GlobalSection(SolutionConfigurationPlatforms) = preSolution
		Debug|Any CPU = Debug|Any CPU
		Release|Any CPU = Release|Any CPU
	EndGlobalSection
	GlobalSection(ProjectConfigurationPlatforms) = postSolution
		{B3C87D14-62A4-4CF0-BA86-C3CC50BB0847}.Debug|Any CPU.ActiveCfg = Debug|Any CPU
		{B3C87D14-62A4-4CF0-BA86-C3CC50BB0847}.Debug|Any CPU.Build.0 = Debug|Any CPU
		{B3C87D14-62A4-4CF0-BA86-C3CC50BB0847}.Release|Any CPU.ActiveCfg = Release|Any CPU
		{B3C87D14-62A4-4CF0-BA86-C3CC50BB0847}.Release|Any CPU.Build.0 = Release|Any CPU
	EndGlobalSection
	GlobalSection(SolutionProperties) = preSolution
		HideSolutionNode = FALSE
	EndGlobalSection
	GlobalSection(ExtensibilityGlobals) = postSolution
		SolutionGuid = {A0868BFA-E3D3-4928-9686-2AD8A04AD526}
	EndGlobalSection
EndGlobal
