
Microsoft Visual Studio Solution File, Format Version 12.00
# Visual Studio 15
VisualStudioVersion = 15.0.28010.2048
MinimumVisualStudioVersion = 10.0.40219.1
Project("{FAE04EC0-301F-11D3-BF4B-00C04F79EFBC}") = "SapphoTesting", "SapphoTesting\SapphoTesting.csproj", "{0390D25A-8DE2-4937-A7B0-D625DE5FAB8C}"
EndProject
Global
	GlobalSection(SolutionConfigurationPlatforms) = preSolution
		Debug|Any CPU = Debug|Any CPU
		Release|Any CPU = Release|Any CPU
	EndGlobalSection
	GlobalSection(ProjectConfigurationPlatforms) = postSolution
		{0390D25A-8DE2-4937-A7B0-D625DE5FAB8C}.Debug|Any CPU.ActiveCfg = Debug|Any CPU
		{0390D25A-8DE2-4937-A7B0-D625DE5FAB8C}.Debug|Any CPU.Build.0 = Debug|Any CPU
		{0390D25A-8DE2-4937-A7B0-D625DE5FAB8C}.Release|Any CPU.ActiveCfg = Release|Any CPU
		{0390D25A-8DE2-4937-A7B0-D625DE5FAB8C}.Release|Any CPU.Build.0 = Release|Any CPU
	EndGlobalSection
	GlobalSection(SolutionProperties) = preSolution
		HideSolutionNode = FALSE
	EndGlobalSection
	GlobalSection(ExtensibilityGlobals) = postSolution
		SolutionGuid = {076D4751-F7A4-474E-9A0A-D39280BD0D3C}
	EndGlobalSection
EndGlobal
