
Microsoft Visual Studio Solution File, Format Version 12.00
# Visual Studio 15
VisualStudioVersion = 15.0.27004.2009
MinimumVisualStudioVersion = 10.0.40219.1
Project("{FAE04EC0-301F-11D3-BF4B-00C04F79EFBC}") = "SteamAPI", "SteamAPI\SteamAPI.csproj", "{AF946D6E-369F-4E39-8DF4-E3473451CF2F}"
EndProject
Global
	GlobalSection(SolutionConfigurationPlatforms) = preSolution
		Debug|Any CPU = Debug|Any CPU
		Release|Any CPU = Release|Any CPU
	EndGlobalSection
	GlobalSection(ProjectConfigurationPlatforms) = postSolution
		{AF946D6E-369F-4E39-8DF4-E3473451CF2F}.Debug|Any CPU.ActiveCfg = Debug|Any CPU
		{AF946D6E-369F-4E39-8DF4-E3473451CF2F}.Debug|Any CPU.Build.0 = Debug|Any CPU
		{AF946D6E-369F-4E39-8DF4-E3473451CF2F}.Release|Any CPU.ActiveCfg = Release|Any CPU
		{AF946D6E-369F-4E39-8DF4-E3473451CF2F}.Release|Any CPU.Build.0 = Release|Any CPU
	EndGlobalSection
	GlobalSection(SolutionProperties) = preSolution
		HideSolutionNode = FALSE
	EndGlobalSection
	GlobalSection(ExtensibilityGlobals) = postSolution
		SolutionGuid = {AB415F9E-CB60-4A2F-A319-CD6671A6E1ED}
	EndGlobalSection
EndGlobal
