
Microsoft Visual Studio Solution File, Format Version 12.00
# Visual Studio 15
VisualStudioVersion = 15.0.27428.1
MinimumVisualStudioVersion = 10.0.40219.1
Project("{FAE04EC0-301F-11D3-BF4B-00C04F79EFBC}") = "WorldOfTanksBlitzAssistant", "WorldOfTanksBlitzAssistant\WorldOfTanksBlitzAssistant.csproj", "{699D70A9-D3C9-46F9-81A6-352749A1BF14}"
EndProject
Global
	GlobalSection(SolutionConfigurationPlatforms) = preSolution
		Debug|Any CPU = Debug|Any CPU
		Release|Any CPU = Release|Any CPU
	EndGlobalSection
	GlobalSection(ProjectConfigurationPlatforms) = postSolution
		{699D70A9-D3C9-46F9-81A6-352749A1BF14}.Debug|Any CPU.ActiveCfg = Debug|Any CPU
		{699D70A9-D3C9-46F9-81A6-352749A1BF14}.Debug|Any CPU.Build.0 = Debug|Any CPU
		{699D70A9-D3C9-46F9-81A6-352749A1BF14}.Release|Any CPU.ActiveCfg = Release|Any CPU
		{699D70A9-D3C9-46F9-81A6-352749A1BF14}.Release|Any CPU.Build.0 = Release|Any CPU
	EndGlobalSection
	GlobalSection(SolutionProperties) = preSolution
		HideSolutionNode = FALSE
	EndGlobalSection
	GlobalSection(ExtensibilityGlobals) = postSolution
		SolutionGuid = {C421876E-0161-4F95-B24B-4EC9BF7D0A1E}
	EndGlobalSection
EndGlobal
