
Microsoft Visual Studio Solution File, Format Version 12.00
# Visual Studio 15
VisualStudioVersion = 15.0.28307.572
MinimumVisualStudioVersion = 10.0.40219.1
Project("{FAE04EC0-301F-11D3-BF4B-00C04F79EFBC}") = "DataAnalysis", "DataAnalysis\DataAnalysis.csproj", "{5239A544-8DBD-4623-8A29-5EC4A9209061}"
EndProject
Global
	GlobalSection(SolutionConfigurationPlatforms) = preSolution
		Debug|Any CPU = Debug|Any CPU
		Release|Any CPU = Release|Any CPU
	EndGlobalSection
	GlobalSection(ProjectConfigurationPlatforms) = postSolution
		{5239A544-8DBD-4623-8A29-5EC4A9209061}.Debug|Any CPU.ActiveCfg = Debug|Any CPU
		{5239A544-8DBD-4623-8A29-5EC4A9209061}.Debug|Any CPU.Build.0 = Debug|Any CPU
		{5239A544-8DBD-4623-8A29-5EC4A9209061}.Release|Any CPU.ActiveCfg = Release|Any CPU
		{5239A544-8DBD-4623-8A29-5EC4A9209061}.Release|Any CPU.Build.0 = Release|Any CPU
	EndGlobalSection
	GlobalSection(SolutionProperties) = preSolution
		HideSolutionNode = FALSE
	EndGlobalSection
	GlobalSection(ExtensibilityGlobals) = postSolution
		SolutionGuid = {0C537855-1922-48A2-B69E-9FE3A04DC2C0}
	EndGlobalSection
EndGlobal
