
Microsoft Visual Studio Solution File, Format Version 12.00
# Visual Studio 15
VisualStudioVersion = 15.0.28307.136
MinimumVisualStudioVersion = 10.0.40219.1
Project("{FAE04EC0-301F-11D3-BF4B-00C04F79EFBC}") = "CampSchedules_v3", "CampSchedules_v3\CampSchedules_v3.csproj", "{998E8843-C5D1-49F5-897A-2B1C07A2C491}"
EndProject
Global
	GlobalSection(SolutionConfigurationPlatforms) = preSolution
		Debug|Any CPU = Debug|Any CPU
		Release|Any CPU = Release|Any CPU
	EndGlobalSection
	GlobalSection(ProjectConfigurationPlatforms) = postSolution
		{998E8843-C5D1-49F5-897A-2B1C07A2C491}.Debug|Any CPU.ActiveCfg = Debug|Any CPU
		{998E8843-C5D1-49F5-897A-2B1C07A2C491}.Debug|Any CPU.Build.0 = Debug|Any CPU
		{998E8843-C5D1-49F5-897A-2B1C07A2C491}.Release|Any CPU.ActiveCfg = Release|Any CPU
		{998E8843-C5D1-49F5-897A-2B1C07A2C491}.Release|Any CPU.Build.0 = Release|Any CPU
	EndGlobalSection
	GlobalSection(SolutionProperties) = preSolution
		HideSolutionNode = FALSE
	EndGlobalSection
	GlobalSection(ExtensibilityGlobals) = postSolution
		SolutionGuid = {8BD7B734-588D-4FF0-BC6C-5B758E0C56E6}
	EndGlobalSection
EndGlobal
