
Microsoft Visual Studio Solution File, Format Version 12.00
# Visual Studio 15
VisualStudioVersion = 15.0.26430.16
MinimumVisualStudioVersion = 10.0.40219.1
Project("{D954291E-2A0B-460D-934E-DC6B0785DB48}") = "TimeStationApp", "TimeStationApp\TimeStationApp\TimeStationApp.shproj", "{73B19FB2-D9D0-4D39-AC69-9256DBA20D96}"
EndProject
Project("{FAE04EC0-301F-11D3-BF4B-00C04F79EFBC}") = "TimeStationApp.Android", "TimeStationApp\TimeStationApp.Android\TimeStationApp.Android.csproj", "{3115CC04-7100-498E-A40A-BEAE8F07E623}"
EndProject
Project("{FAE04EC0-301F-11D3-BF4B-00C04F79EFBC}") = "TimeStationApp.iOS", "TimeStationApp\TimeStationApp.iOS\TimeStationApp.iOS.csproj", "{9715C9FA-B6C4-427C-A588-9E3F4C143395}"
EndProject
Project("{FAE04EC0-301F-11D3-BF4B-00C04F79EFBC}") = "TimeStationApp.UWP", "TimeStationApp\TimeStationApp.UWP\TimeStationApp.UWP.csproj", "{23394C17-E10A-42C5-AA8B-6E0B4B9529C4}"
EndProject
Global
	GlobalSection(SharedMSBuildProjectFiles) = preSolution
		TimeStationApp\TimeStationApp\TimeStationApp.projitems*{3115cc04-7100-498e-a40a-beae8f07e623}*SharedItemsImports = 4
		TimeStationApp\TimeStationApp\TimeStationApp.projitems*{73b19fb2-d9d0-4d39-ac69-9256dba20d96}*SharedItemsImports = 13
		TimeStationApp\TimeStationApp\TimeStationApp.projitems*{9715c9fa-b6c4-427c-a588-9e3f4c143395}*SharedItemsImports = 4
	EndGlobalSection
	GlobalSection(SolutionConfigurationPlatforms) = preSolution
		Ad-Hoc|Any CPU = Ad-Hoc|Any CPU
		Ad-Hoc|ARM = Ad-Hoc|ARM
		Ad-Hoc|iPhone = Ad-Hoc|iPhone
		Ad-Hoc|iPhoneSimulator = Ad-Hoc|iPhoneSimulator
		Ad-Hoc|x64 = Ad-Hoc|x64
		Ad-Hoc|x86 = Ad-Hoc|x86
		AppStore|Any CPU = AppStore|Any CPU
		AppStore|ARM = AppStore|ARM
		AppStore|iPhone = AppStore|iPhone
		AppStore|iPhoneSimulator = AppStore|iPhoneSimulator
		AppStore|x64 = AppStore|x64
		AppStore|x86 = AppStore|x86
		Debug|Any CPU = Debug|Any CPU
		Debug|ARM = Debug|ARM
		Debug|iPhone = Debug|iPhone
		Debug|iPhoneSimulator = Debug|iPhoneSimulator
		Debug|x64 = Debug|x64
		Debug|x86 = Debug|x86
		Release|Any CPU = Release|Any CPU
		Release|ARM = Release|ARM
		Release|iPhone = Release|iPhone
		Release|iPhoneSimulator = Release|iPhoneSimulator
		Release|x64 = Release|x64
		Release|x86 = Release|x86
	EndGlobalSection
	GlobalSection(ProjectConfigurationPlatforms) = postSolution
		{3115CC04-7100-498E-A40A-BEAE8F07E623}.Ad-Hoc|Any CPU.ActiveCfg = Release|Any CPU
		{3115CC04-7100-498E-A40A-BEAE8F07E623}.Ad-Hoc|Any CPU.Build.0 = Release|Any CPU
		{3115CC04-7100-498E-A40A-BEAE8F07E623}.Ad-Hoc|Any CPU.Deploy.0 = Release|Any CPU
		{3115CC04-7100-498E-A40A-BEAE8F07E623}.Ad-Hoc|ARM.ActiveCfg = Release|Any CPU
		{3115CC04-7100-498E-A40A-BEAE8F07E623}.Ad-Hoc|ARM.Build.0 = Release|Any CPU
		{3115CC04-7100-498E-A40A-BEAE8F07E623}.Ad-Hoc|ARM.Deploy.0 = Release|Any CPU
		{3115CC04-7100-498E-A40A-BEAE8F07E623}.Ad-Hoc|iPhone.ActiveCfg = Release|Any CPU
		{3115CC04-7100-498E-A40A-BEAE8F07E623}.Ad-Hoc|iPhone.Build.0 = Release|Any CPU
		{3115CC04-7100-498E-A40A-BEAE8F07E623}.Ad-Hoc|iPhone.Deploy.0 = Release|Any CPU
		{3115CC04-7100-498E-A40A-BEAE8F07E623}.Ad-Hoc|iPhoneSimulator.ActiveCfg = Release|Any CPU
		{3115CC04-7100-498E-A40A-BEAE8F07E623}.Ad-Hoc|iPhoneSimulator.Build.0 = Release|Any CPU
		{3115CC04-7100-498E-A40A-BEAE8F07E623}.Ad-Hoc|iPhoneSimulator.Deploy.0 = Release|Any CPU
		{3115CC04-7100-498E-A40A-BEAE8F07E623}.Ad-Hoc|x64.ActiveCfg = Release|Any CPU
		{3115CC04-7100-498E-A40A-BEAE8F07E623}.Ad-Hoc|x64.Build.0 = Release|Any CPU
		{3115CC04-7100-498E-A40A-BEAE8F07E623}.Ad-Hoc|x64.Deploy.0 = Release|Any CPU
		{3115CC04-7100-498E-A40A-BEAE8F07E623}.Ad-Hoc|x86.ActiveCfg = Release|Any CPU
		{3115CC04-7100-498E-A40A-BEAE8F07E623}.Ad-Hoc|x86.Build.0 = Release|Any CPU
		{3115CC04-7100-498E-A40A-BEAE8F07E623}.Ad-Hoc|x86.Deploy.0 = Release|Any CPU
		{3115CC04-7100-498E-A40A-BEAE8F07E623}.AppStore|Any CPU.ActiveCfg = Release|Any CPU
		{3115CC04-7100-498E-A40A-BEAE8F07E623}.AppStore|Any CPU.Build.0 = Release|Any CPU
		{3115CC04-7100-498E-A40A-BEAE8F07E623}.AppStore|Any CPU.Deploy.0 = Release|Any CPU
		{3115CC04-7100-498E-A40A-BEAE8F07E623}.AppStore|ARM.ActiveCfg = Release|Any CPU
		{3115CC04-7100-498E-A40A-BEAE8F07E623}.AppStore|ARM.Build.0 = Release|Any CPU
		{3115CC04-7100-498E-A40A-BEAE8F07E623}.AppStore|ARM.Deploy.0 = Release|Any CPU
		{3115CC04-7100-498E-A40A-BEAE8F07E623}.AppStore|iPhone.ActiveCfg = Release|Any CPU
		{3115CC04-7100-498E-A40A-BEAE8F07E623}.AppStore|iPhone.Build.0 = Release|Any CPU
		{3115CC04-7100-498E-A40A-BEAE8F07E623}.AppStore|iPhone.Deploy.0 = Release|Any CPU
		{3115CC04-7100-498E-A40A-BEAE8F07E623}.AppStore|iPhoneSimulator.ActiveCfg = Release|Any CPU
		{3115CC04-7100-498E-A40A-BEAE8F07E623}.AppStore|iPhoneSimulator.Build.0 = Release|Any CPU
		{3115CC04-7100-498E-A40A-BEAE8F07E623}.AppStore|iPhoneSimulator.Deploy.0 = Release|Any CPU
		{3115CC04-7100-498E-A40A-BEAE8F07E623}.AppStore|x64.ActiveCfg = Release|Any CPU
		{3115CC04-7100-498E-A40A-BEAE8F07E623}.AppStore|x64.Build.0 = Release|Any CPU
		{3115CC04-7100-498E-A40A-BEAE8F07E623}.AppStore|x64.Deploy.0 = Release|Any CPU
		{3115CC04-7100-498E-A40A-BEAE8F07E623}.AppStore|x86.ActiveCfg = Release|Any CPU
		{3115CC04-7100-498E-A40A-BEAE8F07E623}.AppStore|x86.Build.0 = Release|Any CPU
		{3115CC04-7100-498E-A40A-BEAE8F07E623}.AppStore|x86.Deploy.0 = Release|Any CPU
		{3115CC04-7100-498E-A40A-BEAE8F07E623}.Debug|Any CPU.ActiveCfg = Debug|Any CPU
		{3115CC04-7100-498E-A40A-BEAE8F07E623}.Debug|Any CPU.Build.0 = Debug|Any CPU
		{3115CC04-7100-498E-A40A-BEAE8F07E623}.Debug|Any CPU.Deploy.0 = Debug|Any CPU
		{3115CC04-7100-498E-A40A-BEAE8F07E623}.Debug|ARM.ActiveCfg = Debug|Any CPU
		{3115CC04-7100-498E-A40A-BEAE8F07E623}.Debug|ARM.Build.0 = Debug|Any CPU
		{3115CC04-7100-498E-A40A-BEAE8F07E623}.Debug|ARM.Deploy.0 = Debug|Any CPU
		{3115CC04-7100-498E-A40A-BEAE8F07E623}.Debug|iPhone.ActiveCfg = Debug|Any CPU
		{3115CC04-7100-498E-A40A-BEAE8F07E623}.Debug|iPhone.Build.0 = Debug|Any CPU
		{3115CC04-7100-498E-A40A-BEAE8F07E623}.Debug|iPhone.Deploy.0 = Debug|Any CPU
		{3115CC04-7100-498E-A40A-BEAE8F07E623}.Debug|iPhoneSimulator.ActiveCfg = Debug|Any CPU
		{3115CC04-7100-498E-A40A-BEAE8F07E623}.Debug|iPhoneSimulator.Build.0 = Debug|Any CPU
		{3115CC04-7100-498E-A40A-BEAE8F07E623}.Debug|iPhoneSimulator.Deploy.0 = Debug|Any CPU
		{3115CC04-7100-498E-A40A-BEAE8F07E623}.Debug|x64.ActiveCfg = Debug|Any CPU
		{3115CC04-7100-498E-A40A-BEAE8F07E623}.Debug|x64.Build.0 = Debug|Any CPU
		{3115CC04-7100-498E-A40A-BEAE8F07E623}.Debug|x64.Deploy.0 = Debug|Any CPU
		{3115CC04-7100-498E-A40A-BEAE8F07E623}.Debug|x86.ActiveCfg = Debug|Any CPU
		{3115CC04-7100-498E-A40A-BEAE8F07E623}.Debug|x86.Build.0 = Debug|Any CPU
		{3115CC04-7100-498E-A40A-BEAE8F07E623}.Debug|x86.Deploy.0 = Debug|Any CPU
		{3115CC04-7100-498E-A40A-BEAE8F07E623}.Release|Any CPU.ActiveCfg = Release|Any CPU
		{3115CC04-7100-498E-A40A-BEAE8F07E623}.Release|Any CPU.Build.0 = Release|Any CPU
		{3115CC04-7100-498E-A40A-BEAE8F07E623}.Release|Any CPU.Deploy.0 = Release|Any CPU
		{3115CC04-7100-498E-A40A-BEAE8F07E623}.Release|ARM.ActiveCfg = Release|Any CPU
		{3115CC04-7100-498E-A40A-BEAE8F07E623}.Release|ARM.Build.0 = Release|Any CPU
		{3115CC04-7100-498E-A40A-BEAE8F07E623}.Release|ARM.Deploy.0 = Release|Any CPU
		{3115CC04-7100-498E-A40A-BEAE8F07E623}.Release|iPhone.ActiveCfg = Release|Any CPU
		{3115CC04-7100-498E-A40A-BEAE8F07E623}.Release|iPhone.Build.0 = Release|Any CPU
		{3115CC04-7100-498E-A40A-BEAE8F07E623}.Release|iPhone.Deploy.0 = Release|Any CPU
		{3115CC04-7100-498E-A40A-BEAE8F07E623}.Release|iPhoneSimulator.ActiveCfg = Release|Any CPU
		{3115CC04-7100-498E-A40A-BEAE8F07E623}.Release|iPhoneSimulator.Build.0 = Release|Any CPU
		{3115CC04-7100-498E-A40A-BEAE8F07E623}.Release|iPhoneSimulator.Deploy.0 = Release|Any CPU
		{3115CC04-7100-498E-A40A-BEAE8F07E623}.Release|x64.ActiveCfg = Release|Any CPU
		{3115CC04-7100-498E-A40A-BEAE8F07E623}.Release|x64.Build.0 = Release|Any CPU
		{3115CC04-7100-498E-A40A-BEAE8F07E623}.Release|x64.Deploy.0 = Release|Any CPU
		{3115CC04-7100-498E-A40A-BEAE8F07E623}.Release|x86.ActiveCfg = Release|Any CPU
		{3115CC04-7100-498E-A40A-BEAE8F07E623}.Release|x86.Build.0 = Release|Any CPU
		{3115CC04-7100-498E-A40A-BEAE8F07E623}.Release|x86.Deploy.0 = Release|Any CPU
		{9715C9FA-B6C4-427C-A588-9E3F4C143395}.Ad-Hoc|Any CPU.ActiveCfg = Ad-Hoc|iPhone
		{9715C9FA-B6C4-427C-A588-9E3F4C143395}.Ad-Hoc|ARM.ActiveCfg = Ad-Hoc|iPhone
		{9715C9FA-B6C4-427C-A588-9E3F4C143395}.Ad-Hoc|iPhone.ActiveCfg = Ad-Hoc|iPhone
		{9715C9FA-B6C4-427C-A588-9E3F4C143395}.Ad-Hoc|iPhone.Build.0 = Ad-Hoc|iPhone
		{9715C9FA-B6C4-427C-A588-9E3F4C143395}.Ad-Hoc|iPhoneSimulator.ActiveCfg = Ad-Hoc|iPhoneSimulator
		{9715C9FA-B6C4-427C-A588-9E3F4C143395}.Ad-Hoc|iPhoneSimulator.Build.0 = Ad-Hoc|iPhoneSimulator
		{9715C9FA-B6C4-427C-A588-9E3F4C143395}.Ad-Hoc|x64.ActiveCfg = Ad-Hoc|iPhone
		{9715C9FA-B6C4-427C-A588-9E3F4C143395}.Ad-Hoc|x86.ActiveCfg = Ad-Hoc|iPhone
		{9715C9FA-B6C4-427C-A588-9E3F4C143395}.AppStore|Any CPU.ActiveCfg = AppStore|iPhone
		{9715C9FA-B6C4-427C-A588-9E3F4C143395}.AppStore|ARM.ActiveCfg = AppStore|iPhone
		{9715C9FA-B6C4-427C-A588-9E3F4C143395}.AppStore|iPhone.ActiveCfg = AppStore|iPhone
		{9715C9FA-B6C4-427C-A588-9E3F4C143395}.AppStore|iPhone.Build.0 = AppStore|iPhone
		{9715C9FA-B6C4-427C-A588-9E3F4C143395}.AppStore|iPhoneSimulator.ActiveCfg = AppStore|iPhoneSimulator
		{9715C9FA-B6C4-427C-A588-9E3F4C143395}.AppStore|iPhoneSimulator.Build.0 = AppStore|iPhoneSimulator
		{9715C9FA-B6C4-427C-A588-9E3F4C143395}.AppStore|x64.ActiveCfg = AppStore|iPhone
		{9715C9FA-B6C4-427C-A588-9E3F4C143395}.AppStore|x86.ActiveCfg = AppStore|iPhone
		{9715C9FA-B6C4-427C-A588-9E3F4C143395}.Debug|Any CPU.ActiveCfg = Debug|iPhone
		{9715C9FA-B6C4-427C-A588-9E3F4C143395}.Debug|ARM.ActiveCfg = Debug|iPhone
		{9715C9FA-B6C4-427C-A588-9E3F4C143395}.Debug|iPhone.ActiveCfg = Debug|iPhone
		{9715C9FA-B6C4-427C-A588-9E3F4C143395}.Debug|iPhone.Build.0 = Debug|iPhone
		{9715C9FA-B6C4-427C-A588-9E3F4C143395}.Debug|iPhoneSimulator.ActiveCfg = Debug|iPhoneSimulator
		{9715C9FA-B6C4-427C-A588-9E3F4C143395}.Debug|iPhoneSimulator.Build.0 = Debug|iPhoneSimulator
		{9715C9FA-B6C4-427C-A588-9E3F4C143395}.Debug|x64.ActiveCfg = Debug|iPhone
		{9715C9FA-B6C4-427C-A588-9E3F4C143395}.Debug|x86.ActiveCfg = Debug|iPhone
		{9715C9FA-B6C4-427C-A588-9E3F4C143395}.Release|Any CPU.ActiveCfg = Release|iPhone
		{9715C9FA-B6C4-427C-A588-9E3F4C143395}.Release|ARM.ActiveCfg = Release|iPhone
		{9715C9FA-B6C4-427C-A588-9E3F4C143395}.Release|iPhone.ActiveCfg = Release|iPhone
		{9715C9FA-B6C4-427C-A588-9E3F4C143395}.Release|iPhone.Build.0 = Release|iPhone
		{9715C9FA-B6C4-427C-A588-9E3F4C143395}.Release|iPhoneSimulator.ActiveCfg = Release|iPhoneSimulator
		{9715C9FA-B6C4-427C-A588-9E3F4C143395}.Release|iPhoneSimulator.Build.0 = Release|iPhoneSimulator
		{9715C9FA-B6C4-427C-A588-9E3F4C143395}.Release|x64.ActiveCfg = Release|iPhone
		{9715C9FA-B6C4-427C-A588-9E3F4C143395}.Release|x86.ActiveCfg = Release|iPhone
		{23394C17-E10A-42C5-AA8B-6E0B4B9529C4}.Ad-Hoc|Any CPU.ActiveCfg = Release|x86
		{23394C17-E10A-42C5-AA8B-6E0B4B9529C4}.Ad-Hoc|Any CPU.Build.0 = Release|x86
		{23394C17-E10A-42C5-AA8B-6E0B4B9529C4}.Ad-Hoc|Any CPU.Deploy.0 = Release|x86
		{23394C17-E10A-42C5-AA8B-6E0B4B9529C4}.Ad-Hoc|ARM.ActiveCfg = Release|ARM
		{23394C17-E10A-42C5-AA8B-6E0B4B9529C4}.Ad-Hoc|ARM.Build.0 = Release|ARM
		{23394C17-E10A-42C5-AA8B-6E0B4B9529C4}.Ad-Hoc|ARM.Deploy.0 = Release|ARM
		{23394C17-E10A-42C5-AA8B-6E0B4B9529C4}.Ad-Hoc|iPhone.ActiveCfg = Release|x86
		{23394C17-E10A-42C5-AA8B-6E0B4B9529C4}.Ad-Hoc|iPhone.Build.0 = Release|x86
		{23394C17-E10A-42C5-AA8B-6E0B4B9529C4}.Ad-Hoc|iPhone.Deploy.0 = Release|x86
		{23394C17-E10A-42C5-AA8B-6E0B4B9529C4}.Ad-Hoc|iPhoneSimulator.ActiveCfg = Release|x86
		{23394C17-E10A-42C5-AA8B-6E0B4B9529C4}.Ad-Hoc|iPhoneSimulator.Build.0 = Release|x86
		{23394C17-E10A-42C5-AA8B-6E0B4B9529C4}.Ad-Hoc|iPhoneSimulator.Deploy.0 = Release|x86
		{23394C17-E10A-42C5-AA8B-6E0B4B9529C4}.Ad-Hoc|x64.ActiveCfg = Release|x64
		{23394C17-E10A-42C5-AA8B-6E0B4B9529C4}.Ad-Hoc|x64.Build.0 = Release|x64
		{23394C17-E10A-42C5-AA8B-6E0B4B9529C4}.Ad-Hoc|x64.Deploy.0 = Release|x64
		{23394C17-E10A-42C5-AA8B-6E0B4B9529C4}.Ad-Hoc|x86.ActiveCfg = Release|x86
		{23394C17-E10A-42C5-AA8B-6E0B4B9529C4}.Ad-Hoc|x86.Build.0 = Release|x86
		{23394C17-E10A-42C5-AA8B-6E0B4B9529C4}.Ad-Hoc|x86.Deploy.0 = Release|x86
		{23394C17-E10A-42C5-AA8B-6E0B4B9529C4}.AppStore|Any CPU.ActiveCfg = Release|x86
		{23394C17-E10A-42C5-AA8B-6E0B4B9529C4}.AppStore|Any CPU.Build.0 = Release|x86
		{23394C17-E10A-42C5-AA8B-6E0B4B9529C4}.AppStore|Any CPU.Deploy.0 = Release|x86
		{23394C17-E10A-42C5-AA8B-6E0B4B9529C4}.AppStore|ARM.ActiveCfg = Release|ARM
		{23394C17-E10A-42C5-AA8B-6E0B4B9529C4}.AppStore|ARM.Build.0 = Release|ARM
		{23394C17-E10A-42C5-AA8B-6E0B4B9529C4}.AppStore|ARM.Deploy.0 = Release|ARM
		{23394C17-E10A-42C5-AA8B-6E0B4B9529C4}.AppStore|iPhone.ActiveCfg = Release|x86
		{23394C17-E10A-42C5-AA8B-6E0B4B9529C4}.AppStore|iPhone.Build.0 = Release|x86
		{23394C17-E10A-42C5-AA8B-6E0B4B9529C4}.AppStore|iPhone.Deploy.0 = Release|x86
		{23394C17-E10A-42C5-AA8B-6E0B4B9529C4}.AppStore|iPhoneSimulator.ActiveCfg = Release|x86
		{23394C17-E10A-42C5-AA8B-6E0B4B9529C4}.AppStore|iPhoneSimulator.Build.0 = Release|x86
		{23394C17-E10A-42C5-AA8B-6E0B4B9529C4}.AppStore|iPhoneSimulator.Deploy.0 = Release|x86
		{23394C17-E10A-42C5-AA8B-6E0B4B9529C4}.AppStore|x64.ActiveCfg = Release|x64
		{23394C17-E10A-42C5-AA8B-6E0B4B9529C4}.AppStore|x64.Build.0 = Release|x64
		{23394C17-E10A-42C5-AA8B-6E0B4B9529C4}.AppStore|x64.Deploy.0 = Release|x64
		{23394C17-E10A-42C5-AA8B-6E0B4B9529C4}.AppStore|x86.ActiveCfg = Release|x86
		{23394C17-E10A-42C5-AA8B-6E0B4B9529C4}.AppStore|x86.Build.0 = Release|x86
		{23394C17-E10A-42C5-AA8B-6E0B4B9529C4}.AppStore|x86.Deploy.0 = Release|x86
		{23394C17-E10A-42C5-AA8B-6E0B4B9529C4}.Debug|Any CPU.ActiveCfg = Debug|x86
		{23394C17-E10A-42C5-AA8B-6E0B4B9529C4}.Debug|ARM.ActiveCfg = Debug|ARM
		{23394C17-E10A-42C5-AA8B-6E0B4B9529C4}.Debug|ARM.Build.0 = Debug|ARM
		{23394C17-E10A-42C5-AA8B-6E0B4B9529C4}.Debug|ARM.Deploy.0 = Debug|ARM
		{23394C17-E10A-42C5-AA8B-6E0B4B9529C4}.Debug|iPhone.ActiveCfg = Debug|x86
		{23394C17-E10A-42C5-AA8B-6E0B4B9529C4}.Debug|iPhoneSimulator.ActiveCfg = Debug|x86
		{23394C17-E10A-42C5-AA8B-6E0B4B9529C4}.Debug|x64.ActiveCfg = Debug|x64
		{23394C17-E10A-42C5-AA8B-6E0B4B9529C4}.Debug|x64.Build.0 = Debug|x64
		{23394C17-E10A-42C5-AA8B-6E0B4B9529C4}.Debug|x64.Deploy.0 = Debug|x64
		{23394C17-E10A-42C5-AA8B-6E0B4B9529C4}.Debug|x86.ActiveCfg = Debug|x86
		{23394C17-E10A-42C5-AA8B-6E0B4B9529C4}.Debug|x86.Build.0 = Debug|x86
		{23394C17-E10A-42C5-AA8B-6E0B4B9529C4}.Debug|x86.Deploy.0 = Debug|x86
		{23394C17-E10A-42C5-AA8B-6E0B4B9529C4}.Release|Any CPU.ActiveCfg = Release|x86
		{23394C17-E10A-42C5-AA8B-6E0B4B9529C4}.Release|ARM.ActiveCfg = Release|ARM
		{23394C17-E10A-42C5-AA8B-6E0B4B9529C4}.Release|ARM.Build.0 = Release|ARM
		{23394C17-E10A-42C5-AA8B-6E0B4B9529C4}.Release|ARM.Deploy.0 = Release|ARM
		{23394C17-E10A-42C5-AA8B-6E0B4B9529C4}.Release|iPhone.ActiveCfg = Release|x86
		{23394C17-E10A-42C5-AA8B-6E0B4B9529C4}.Release|iPhoneSimulator.ActiveCfg = Release|x86
		{23394C17-E10A-42C5-AA8B-6E0B4B9529C4}.Release|x64.ActiveCfg = Release|x64
		{23394C17-E10A-42C5-AA8B-6E0B4B9529C4}.Release|x64.Build.0 = Release|x64
		{23394C17-E10A-42C5-AA8B-6E0B4B9529C4}.Release|x64.Deploy.0 = Release|x64
		{23394C17-E10A-42C5-AA8B-6E0B4B9529C4}.Release|x86.ActiveCfg = Release|x86
		{23394C17-E10A-42C5-AA8B-6E0B4B9529C4}.Release|x86.Build.0 = Release|x86
		{23394C17-E10A-42C5-AA8B-6E0B4B9529C4}.Release|x86.Deploy.0 = Release|x86
	EndGlobalSection
	GlobalSection(SolutionProperties) = preSolution
		HideSolutionNode = FALSE
	EndGlobalSection
EndGlobal
