
Microsoft Visual Studio Solution File, Format Version 12.00
# Visual Studio 15
VisualStudioVersion = 15.0.27004.2009
MinimumVisualStudioVersion = 10.0.40219.1
Project("{FAE04EC0-301F-11D3-BF4B-00C04F79EFBC}") = "VantageTracker", "VantageTracker\VantageTracker.csproj", "{01180BAA-2C05-4462-9B57-0AAB4D829A85}"
EndProject
Global
	GlobalSection(SolutionConfigurationPlatforms) = preSolution
		Debug|Any CPU = Debug|Any CPU
		Release|Any CPU = Release|Any CPU
	EndGlobalSection
	GlobalSection(ProjectConfigurationPlatforms) = postSolution
		{01180BAA-2C05-4462-9B57-0AAB4D829A85}.Debug|Any CPU.ActiveCfg = Debug|Any CPU
		{01180BAA-2C05-4462-9B57-0AAB4D829A85}.Debug|Any CPU.Build.0 = Debug|Any CPU
		{01180BAA-2C05-4462-9B57-0AAB4D829A85}.Release|Any CPU.ActiveCfg = Release|Any CPU
		{01180BAA-2C05-4462-9B57-0AAB4D829A85}.Release|Any CPU.Build.0 = Release|Any CPU
	EndGlobalSection
	GlobalSection(SolutionProperties) = preSolution
		HideSolutionNode = FALSE
	EndGlobalSection
	GlobalSection(ExtensibilityGlobals) = postSolution
		SolutionGuid = {E2831C4E-ECEB-44FC-A62F-8D68F9570DA7}
	EndGlobalSection
EndGlobal
