
Microsoft Visual Studio Solution File, Format Version 12.00
# Visual Studio 15
VisualStudioVersion = 15.0.26430.15
MinimumVisualStudioVersion = 10.0.40219.1
Project("{FAE04EC0-301F-11D3-BF4B-00C04F79EFBC}") = "SSMLGen", "SSMLGen\SSMLGen.csproj", "{DE51B86A-5456-453C-A5D2-0230365ACDBF}"
EndProject
Global
	GlobalSection(SolutionConfigurationPlatforms) = preSolution
		Debug|Any CPU = Debug|Any CPU
		Release|Any CPU = Release|Any CPU
	EndGlobalSection
	GlobalSection(ProjectConfigurationPlatforms) = postSolution
		{DE51B86A-5456-453C-A5D2-0230365ACDBF}.Debug|Any CPU.ActiveCfg = Debug|Any CPU
		{DE51B86A-5456-453C-A5D2-0230365ACDBF}.Debug|Any CPU.Build.0 = Debug|Any CPU
		{DE51B86A-5456-453C-A5D2-0230365ACDBF}.Release|Any CPU.ActiveCfg = Release|Any CPU
		{DE51B86A-5456-453C-A5D2-0230365ACDBF}.Release|Any CPU.Build.0 = Release|Any CPU
	EndGlobalSection
	GlobalSection(SolutionProperties) = preSolution
		HideSolutionNode = FALSE
	EndGlobalSection
EndGlobal
