
Microsoft Visual Studio Solution File, Format Version 12.00
# Visual Studio 15
VisualStudioVersion = 15.0.28307.779
MinimumVisualStudioVersion = 10.0.40219.1
Project("{FAE04EC0-301F-11D3-BF4B-00C04F79EFBC}") = "AmazonReportAnalysis", "AmazonReportAnalysis\AmazonReportAnalysis.csproj", "{56E6372C-003D-4158-BD89-37345AD8890B}"
EndProject
Global
	GlobalSection(SolutionConfigurationPlatforms) = preSolution
		Debug|Any CPU = Debug|Any CPU
		Release|Any CPU = Release|Any CPU
	EndGlobalSection
	GlobalSection(ProjectConfigurationPlatforms) = postSolution
		{56E6372C-003D-4158-BD89-37345AD8890B}.Debug|Any CPU.ActiveCfg = Debug|Any CPU
		{56E6372C-003D-4158-BD89-37345AD8890B}.Debug|Any CPU.Build.0 = Debug|Any CPU
		{56E6372C-003D-4158-BD89-37345AD8890B}.Release|Any CPU.ActiveCfg = Release|Any CPU
		{56E6372C-003D-4158-BD89-37345AD8890B}.Release|Any CPU.Build.0 = Release|Any CPU
	EndGlobalSection
	GlobalSection(SolutionProperties) = preSolution
		HideSolutionNode = FALSE
	EndGlobalSection
	GlobalSection(ExtensibilityGlobals) = postSolution
		SolutionGuid = {E4A760C6-5A02-4742-8361-D640D4089D9B}
	EndGlobalSection
EndGlobal
