
Microsoft Visual Studio Solution File, Format Version 12.00
# Visual Studio 15
VisualStudioVersion = 15.0.27428.2027
MinimumVisualStudioVersion = 10.0.40219.1
Project("{FAE04EC0-301F-11D3-BF4B-00C04F79EFBC}") = "LeagueOfLegendsLib", "LeagueOfLegendsLib.csproj", "{C7F0C723-2318-461A-9162-4282F223BDD4}"
EndProject
Global
	GlobalSection(SolutionConfigurationPlatforms) = preSolution
		Debug|Any CPU = Debug|Any CPU
		Release|Any CPU = Release|Any CPU
	EndGlobalSection
	GlobalSection(ProjectConfigurationPlatforms) = postSolution
		{C7F0C723-2318-461A-9162-4282F223BDD4}.Debug|Any CPU.ActiveCfg = Debug|Any CPU
		{C7F0C723-2318-461A-9162-4282F223BDD4}.Debug|Any CPU.Build.0 = Debug|Any CPU
		{C7F0C723-2318-461A-9162-4282F223BDD4}.Release|Any CPU.ActiveCfg = Release|Any CPU
		{C7F0C723-2318-461A-9162-4282F223BDD4}.Release|Any CPU.Build.0 = Release|Any CPU
	EndGlobalSection
	GlobalSection(SolutionProperties) = preSolution
		HideSolutionNode = FALSE
	EndGlobalSection
	GlobalSection(ExtensibilityGlobals) = postSolution
		SolutionGuid = {3C0F9717-7D84-431B-9DDB-3FF711E25E4B}
	EndGlobalSection
EndGlobal
