
Microsoft Visual Studio Solution File, Format Version 12.00
# Visual Studio 15
VisualStudioVersion = 15.0.28307.136
MinimumVisualStudioVersion = 10.0.40219.1
Project("{FAE04EC0-301F-11D3-BF4B-00C04F79EFBC}") = "BenchmarksGameTesting", "BenchmarksGameTesting\BenchmarksGameTesting.csproj", "{DB0139F0-D9AC-46CD-87CA-926472EE4A4A}"
EndProject
Global
	GlobalSection(SolutionConfigurationPlatforms) = preSolution
		Debug|Any CPU = Debug|Any CPU
		Release|Any CPU = Release|Any CPU
	EndGlobalSection
	GlobalSection(ProjectConfigurationPlatforms) = postSolution
		{DB0139F0-D9AC-46CD-87CA-926472EE4A4A}.Debug|Any CPU.ActiveCfg = Debug|Any CPU
		{DB0139F0-D9AC-46CD-87CA-926472EE4A4A}.Debug|Any CPU.Build.0 = Debug|Any CPU
		{DB0139F0-D9AC-46CD-87CA-926472EE4A4A}.Release|Any CPU.ActiveCfg = Release|Any CPU
		{DB0139F0-D9AC-46CD-87CA-926472EE4A4A}.Release|Any CPU.Build.0 = Release|Any CPU
	EndGlobalSection
	GlobalSection(SolutionProperties) = preSolution
		HideSolutionNode = FALSE
	EndGlobalSection
	GlobalSection(ExtensibilityGlobals) = postSolution
		SolutionGuid = {6A90385C-8495-4A03-9088-7AD085BBB764}
	EndGlobalSection
EndGlobal
